// !$*UTF8*$!
{
	archiveVersion = 1;
	classes = {
	};
	objectVersion = 52;
	objects = {

/* Begin PBXBuildFile section */
		336C5FE225CC9F1600230C37 /* OutlineViewExampleApp.swift in Sources */ = {isa = PBXBuildFile; fileRef = 336C5FE125CC9F1600230C37 /* OutlineViewExampleApp.swift */; };
		336C5FE425CC9F1600230C37 /* ContentView.swift in Sources */ = {isa = PBXBuildFile; fileRef = 336C5FE325CC9F1600230C37 /* ContentView.swift */; };
		336C5FE625CC9F1800230C37 /* Assets.xcassets in Resources */ = {isa = PBXBuildFile; fileRef = 336C5FE525CC9F1800230C37 /* Assets.xcassets */; };
		336C5FE925CC9F1800230C37 /* Preview Assets.xcassets in Resources */ = {isa = PBXBuildFile; fileRef = 336C5FE825CC9F1800230C37 /* Preview Assets.xcassets */; };
		336C5FFD25CCA8DA00230C37 /* FileItemView.swift in Sources */ = {isa = PBXBuildFile; fileRef = 336C5FFC25CCA8D900230C37 /* FileItemView.swift */; };
		336C600325CCAEE700230C37 /* OutlineView in Frameworks */ = {isa = PBXBuildFile; productRef = 336C600225CCAEE700230C37 /* OutlineView */; };
/* End PBXBuildFile section */

/* Begin PBXFileReference section */
		336C5FDE25CC9F1600230C37 /* OutlineViewExample.app */ = {isa = PBXFileReference; explicitFileType = wrapper.application; includeInIndex = 0; path = OutlineViewExample.app; sourceTree = BUILT_PRODUCTS_DIR; };
		336C5FE125CC9F1600230C37 /* OutlineViewExampleApp.swift */ = {isa = PBXFileReference; lastKnownFileType = sourcecode.swift; path = OutlineViewExampleApp.swift; sourceTree = "<group>"; };
		336C5FE325CC9F1600230C37 /* ContentView.swift */ = {isa = PBXFileReference; lastKnownFileType = sourcecode.swift; path = ContentView.swift; sourceTree = "<group>"; };
		336C5FE525CC9F1800230C37 /* Assets.xcassets */ = {isa = PBXFileReference; lastKnownFileType = folder.assetcatalog; path = Assets.xcassets; sourceTree = "<group>"; };
		336C5FE825CC9F1800230C37 /* Preview Assets.xcassets */ = {isa = PBXFileReference; lastKnownFileType = folder.assetcatalog; path = "Preview Assets.xcassets"; sourceTree = "<group>"; };
		336C5FEA25CC9F1800230C37 /* Info.plist */ = {isa = PBXFileReference; lastKnownFileType = text.plist.xml; path = Info.plist; sourceTree = "<group>"; };
		336C5FEB25CC9F1800230C37 /* OutlineViewExample.entitlements */ = {isa = PBXFileReference; lastKnownFileType = text.plist.entitlements; path = OutlineViewExample.entitlements; sourceTree = "<group>"; };
		336C5FFC25CCA8D900230C37 /* FileItemView.swift */ = {isa = PBXFileReference; lastKnownFileType = sourcecode.swift; path = FileItemView.swift; sourceTree = "<group>"; };
		336C600025CCAEDA00230C37 /* OutlineView */ = {isa = PBXFileReference; lastKnownFileType = folder; name = OutlineView; path = ../..; sourceTree = "<group>"; };
		94899318296309C20018C5EA /* OutlineViewExample.xcconfig */ = {isa = PBXFileReference; lastKnownFileType = text.xcconfig; path = OutlineViewExample.xcconfig; sourceTree = "<group>"; };
/* End PBXFileReference section */

/* Begin PBXFrameworksBuildPhase section */
		336C5FDB25CC9F1500230C37 /* Frameworks */ = {
			isa = PBXFrameworksBuildPhase;
			buildActionMask = 2147483647;
			files = (
				336C600325CCAEE700230C37 /* OutlineView in Frameworks */,
			);
			runOnlyForDeploymentPostprocessing = 0;
		};
/* End PBXFrameworksBuildPhase section */

/* Begin PBXGroup section */
		336C5FD525CC9F1500230C37 = {
			isa = PBXGroup;
			children = (
				336C600025CCAEDA00230C37 /* OutlineView */,
				336C5FE025CC9F1600230C37 /* OutlineViewExample */,
				336C5FDF25CC9F1600230C37 /* Products */,
				336C5FF825CC9F7600230C37 /* Frameworks */,
			);
			sourceTree = "<group>";
		};
		336C5FDF25CC9F1600230C37 /* Products */ = {
			isa = PBXGroup;
			children = (
				336C5FDE25CC9F1600230C37 /* OutlineViewExample.app */,
			);
			name = Products;
			sourceTree = "<group>";
		};
		336C5FE025CC9F1600230C37 /* OutlineViewExample */ = {
			isa = PBXGroup;
			children = (
				336C5FE125CC9F1600230C37 /* OutlineViewExampleApp.swift */,
				336C5FE325CC9F1600230C37 /* ContentView.swift */,
				336C5FFC25CCA8D900230C37 /* FileItemView.swift */,
				336C5FE525CC9F1800230C37 /* Assets.xcassets */,
				336C5FEA25CC9F1800230C37 /* Info.plist */,
				336C5FEB25CC9F1800230C37 /* OutlineViewExample.entitlements */,
				336C5FE725CC9F1800230C37 /* Preview Content */,
				94899318296309C20018C5EA /* OutlineViewExample.xcconfig */,
			);
			path = OutlineViewExample;
			sourceTree = "<group>";
		};
		336C5FE725CC9F1800230C37 /* Preview Content */ = {
			isa = PBXGroup;
			children = (
				336C5FE825CC9F1800230C37 /* Preview Assets.xcassets */,
			);
			path = "Preview Content";
			sourceTree = "<group>";
		};
		336C5FF825CC9F7600230C37 /* Frameworks */ = {
			isa = PBXGroup;
			children = (
			);
			name = Frameworks;
			sourceTree = "<group>";
		};
/* End PBXGroup section */

/* Begin PBXNativeTarget section */
		336C5FDD25CC9F1500230C37 /* OutlineViewExample */ = {
			isa = PBXNativeTarget;
			buildConfigurationList = 336C5FEE25CC9F1800230C37 /* Build configuration list for PBXNativeTarget "OutlineViewExample" */;
			buildPhases = (
				336C5FDA25CC9F1500230C37 /* Sources */,
				336C5FDB25CC9F1500230C37 /* Frameworks */,
				336C5FDC25CC9F1500230C37 /* Resources */,
			);
			buildRules = (
			);
			dependencies = (
			);
			name = OutlineViewExample;
			packageProductDependencies = (
				336C600225CCAEE700230C37 /* OutlineView */,
			);
			productName = OutlineViewExample;
			productReference = 336C5FDE25CC9F1600230C37 /* OutlineViewExample.app */;
			productType = "com.apple.product-type.application";
		};
/* End PBXNativeTarget section */

/* Begin PBXProject section */
		336C5FD625CC9F1500230C37 /* Project object */ = {
			isa = PBXProject;
			attributes = {
				LastSwiftUpdateCheck = 1220;
				LastUpgradeCheck = 1220;
				TargetAttributes = {
					336C5FDD25CC9F1500230C37 = {
						CreatedOnToolsVersion = 12.2;
					};
				};
			};
			buildConfigurationList = 336C5FD925CC9F1500230C37 /* Build configuration list for PBXProject "OutlineViewExample" */;
			compatibilityVersion = "Xcode 9.3";
			developmentRegion = en;
			hasScannedForEncodings = 0;
			knownRegions = (
				en,
				Base,
			);
			mainGroup = 336C5FD525CC9F1500230C37;
			productRefGroup = 336C5FDF25CC9F1600230C37 /* Products */;
			projectDirPath = "";
			projectRoot = "";
			targets = (
				336C5FDD25CC9F1500230C37 /* OutlineViewExample */,
			);
		};
/* End PBXProject section */

/* Begin PBXResourcesBuildPhase section */
		336C5FDC25CC9F1500230C37 /* Resources */ = {
			isa = PBXResourcesBuildPhase;
			buildActionMask = 2147483647;
			files = (
				336C5FE925CC9F1800230C37 /* Preview Assets.xcassets in Resources */,
				336C5FE625CC9F1800230C37 /* Assets.xcassets in Resources */,
			);
			runOnlyForDeploymentPostprocessing = 0;
		};
/* End PBXResourcesBuildPhase section */

/* Begin PBXSourcesBuildPhase section */
		336C5FDA25CC9F1500230C37 /* Sources */ = {
			isa = PBXSourcesBuildPhase;
			buildActionMask = 2147483647;
			files = (
				336C5FFD25CCA8DA00230C37 /* FileItemView.swift in Sources */,
				336C5FE425CC9F1600230C37 /* ContentView.swift in Sources */,
				336C5FE225CC9F1600230C37 /* OutlineViewExampleApp.swift in Sources */,
			);
			runOnlyForDeploymentPostprocessing = 0;
		};
/* End PBXSourcesBuildPhase section */

/* Begin XCBuildConfiguration section */
		336C5FEC25CC9F1800230C37 /* Debug */ = {
			isa = XCBuildConfiguration;
			baseConfigurationReference = 94899318296309C20018C5EA /* OutlineViewExample.xcconfig */;
			buildSettings = {
				ALWAYS_SEARCH_USER_PATHS = NO;
				CLANG_ANALYZER_NONNULL = YES;
				CLANG_ANALYZER_NUMBER_OBJECT_CONVERSION = YES_AGGRESSIVE;
				CLANG_CXX_LANGUAGE_STANDARD = "gnu++14";
				CLANG_CXX_LIBRARY = "libc++";
				CLANG_ENABLE_MODULES = YES;
				CLANG_ENABLE_OBJC_ARC = YES;
				CLANG_ENABLE_OBJC_WEAK = YES;
				CLANG_WARN_BLOCK_CAPTURE_AUTORELEASING = YES;
				CLANG_WARN_BOOL_CONVERSION = YES;
				CLANG_WARN_COMMA = YES;
				CLANG_WARN_CONSTANT_CONVERSION = YES;
				CLANG_WARN_DEPRECATED_OBJC_IMPLEMENTATIONS = YES;
				CLANG_WARN_DIRECT_OBJC_ISA_USAGE = YES_ERROR;
				CLANG_WARN_DOCUMENTATION_COMMENTS = YES;
				CLANG_WARN_EMPTY_BODY = YES;
				CLANG_WARN_ENUM_CONVERSION = YES;
				CLANG_WARN_INFINITE_RECURSION = YES;
				CLANG_WARN_INT_CONVERSION = YES;
				CLANG_WARN_NON_LITERAL_NULL_CONVERSION = YES;
				CLANG_WARN_OBJC_IMPLICIT_RETAIN_SELF = YES;
				CLANG_WARN_OBJC_LITERAL_CONVERSION = YES;
				CLANG_WARN_OBJC_ROOT_CLASS = YES_ERROR;
				CLANG_WARN_QUOTED_INCLUDE_IN_FRAMEWORK_HEADER = YES;
				CLANG_WARN_RANGE_LOOP_ANALYSIS = YES;
				CLANG_WARN_STRICT_PROTOTYPES = YES;
				CLANG_WARN_SUSPICIOUS_MOVE = YES;
				CLANG_WARN_UNGUARDED_AVAILABILITY = YES_AGGRESSIVE;
				CLANG_WARN_UNREACHABLE_CODE = YES;
				CLANG_WARN__DUPLICATE_METHOD_MATCH = YES;
				COPY_PHASE_STRIP = NO;
				DEBUG_INFORMATION_FORMAT = dwarf;
				ENABLE_STRICT_OBJC_MSGSEND = YES;
				ENABLE_TESTABILITY = YES;
				GCC_C_LANGUAGE_STANDARD = gnu11;
				GCC_DYNAMIC_NO_PIC = NO;
				GCC_NO_COMMON_BLOCKS = YES;
				GCC_OPTIMIZATION_LEVEL = 0;
				GCC_PREPROCESSOR_DEFINITIONS = (
					"DEBUG=1",
					"$(inherited)",
				);
				GCC_WARN_64_TO_32_BIT_CONVERSION = YES;
				GCC_WARN_ABOUT_RETURN_TYPE = YES_ERROR;
				GCC_WARN_UNDECLARED_SELECTOR = YES;
				GCC_WARN_UNINITIALIZED_AUTOS = YES_AGGRESSIVE;
				GCC_WARN_UNUSED_FUNCTION = YES;
				GCC_WARN_UNUSED_VARIABLE = YES;
				MACOSX_DEPLOYMENT_TARGET = 11.0;
				MTL_ENABLE_DEBUG_INFO = INCLUDE_SOURCE;
				MTL_FAST_MATH = YES;
				ONLY_ACTIVE_ARCH = YES;
				SDKROOT = macosx;
				SWIFT_ACTIVE_COMPILATION_CONDITIONS = DEBUG;
				SWIFT_OPTIMIZATION_LEVEL = "-Onone";
			};
			name = Debug;
		};
		336C5FED25CC9F1800230C37 /* Release */ = {
			isa = XCBuildConfiguration;
			baseConfigurationReference = 94899318296309C20018C5EA /* OutlineViewExample.xcconfig */;
			buildSettings = {
				ALWAYS_SEARCH_USER_PATHS = NO;
				CLANG_ANALYZER_NONNULL = YES;
				CLANG_ANALYZER_NUMBER_OBJECT_CONVERSION = YES_AGGRESSIVE;
				CLANG_CXX_LANGUAGE_STANDARD = "gnu++14";
				CLANG_CXX_LIBRARY = "libc++";
				CLANG_ENABLE_MODULES = YES;
				CLANG_ENABLE_OBJC_ARC = YES;
				CLANG_ENABLE_OBJC_WEAK = YES;
				CLANG_WARN_BLOCK_CAPTURE_AUTORELEASING = YES;
				CLANG_WARN_BOOL_CONVERSION = YES;
				CLANG_WARN_COMMA = YES;
				CLANG_WARN_CONSTANT_CONVERSION = YES;
				CLANG_WARN_DEPRECATED_OBJC_IMPLEMENTATIONS = YES;
				CLANG_WARN_DIRECT_OBJC_ISA_USAGE = YES_ERROR;
				CLANG_WARN_DOCUMENTATION_COMMENTS = YES;
				CLANG_WARN_EMPTY_BODY = YES;
				CLANG_WARN_ENUM_CONVERSION = YES;
				CLANG_WARN_INFINITE_RECURSION = YES;
				CLANG_WARN_INT_CONVERSION = YES;
				CLANG_WARN_NON_LITERAL_NULL_CONVERSION = YES;
				CLANG_WARN_OBJC_IMPLICIT_RETAIN_SELF = YES;
				CLANG_WARN_OBJC_LITERAL_CONVERSION = YES;
				CLANG_WARN_OBJC_ROOT_CLASS = YES_ERROR;
				CLANG_WARN_QUOTED_INCLUDE_IN_FRAMEWORK_HEADER = YES;
				CLANG_WARN_RANGE_LOOP_ANALYSIS = YES;
				CLANG_WARN_STRICT_PROTOTYPES = YES;
				CLANG_WARN_SUSPICIOUS_MOVE = YES;
				CLANG_WARN_UNGUARDED_AVAILABILITY = YES_AGGRESSIVE;
				CLANG_WARN_UNREACHABLE_CODE = YES;
				CLANG_WARN__DUPLICATE_METHOD_MATCH = YES;
				COPY_PHASE_STRIP = NO;
				DEBUG_INFORMATION_FORMAT = "dwarf-with-dsym";
				ENABLE_NS_ASSERTIONS = NO;
				ENABLE_STRICT_OBJC_MSGSEND = YES;
				GCC_C_LANGUAGE_STANDARD = gnu11;
				GCC_NO_COMMON_BLOCKS = YES;
				GCC_WARN_64_TO_32_BIT_CONVERSION = YES;
				GCC_WARN_ABOUT_RETURN_TYPE = YES_ERROR;
				GCC_WARN_UNDECLARED_SELECTOR = YES;
				GCC_WARN_UNINITIALIZED_AUTOS = YES_AGGRESSIVE;
				GCC_WARN_UNUSED_FUNCTION = YES;
				GCC_WARN_UNUSED_VARIABLE = YES;
				MACOSX_DEPLOYMENT_TARGET = 11.0;
				MTL_ENABLE_DEBUG_INFO = NO;
				MTL_FAST_MATH = YES;
				SDKROOT = macosx;
				SWIFT_COMPILATION_MODE = wholemodule;
				SWIFT_OPTIMIZATION_LEVEL = "-O";
			};
			name = Release;
		};
		336C5FEF25CC9F1800230C37 /* Debug */ = {
			isa = XCBuildConfiguration;
			buildSettings = {
				ASSETCATALOG_COMPILER_APPICON_NAME = AppIcon;
				ASSETCATALOG_COMPILER_GLOBAL_ACCENT_COLOR_NAME = AccentColor;
				CODE_SIGN_ENTITLEMENTS = OutlineViewExample/OutlineViewExample.entitlements;
				CODE_SIGN_STYLE = Automatic;
				COMBINE_HIDPI_IMAGES = YES;
				DEVELOPMENT_ASSET_PATHS = "\"OutlineViewExample/Preview Content\"";
				ENABLE_HARDENED_RUNTIME = YES;
				ENABLE_PREVIEWS = YES;
				INFOPLIST_FILE = OutlineViewExample/Info.plist;
				LD_RUNPATH_SEARCH_PATHS = (
					"$(inherited)",
					"@executable_path/../Frameworks",
				);
				MACOSX_DEPLOYMENT_TARGET = 11.0;
				PRODUCT_BUNDLE_IDENTIFIER = "com.example.OutlineViewExample${SAMPLE-CODE-DISAMBIGUATOR}";
				PRODUCT_NAME = "$(TARGET_NAME)";
				SWIFT_VERSION = 5.0;
			};
			name = Debug;
		};
		336C5FF025CC9F1800230C37 /* Release */ = {
			isa = XCBuildConfiguration;
			buildSettings = {
				ASSETCATALOG_COMPILER_APPICON_NAME = AppIcon;
				ASSETCATALOG_COMPILER_GLOBAL_ACCENT_COLOR_NAME = AccentColor;
				CODE_SIGN_ENTITLEMENTS = OutlineViewExample/OutlineViewExample.entitlements;
				CODE_SIGN_STYLE = Automatic;
				COMBINE_HIDPI_IMAGES = YES;
				DEVELOPMENT_ASSET_PATHS = "\"OutlineViewExample/Preview Content\"";
				ENABLE_HARDENED_RUNTIME = YES;
				ENABLE_PREVIEWS = YES;
				INFOPLIST_FILE = OutlineViewExample/Info.plist;
				LD_RUNPATH_SEARCH_PATHS = (
					"$(inherited)",
					"@executable_path/../Frameworks",
				);
				MACOSX_DEPLOYMENT_TARGET = 11.0;
				PRODUCT_BUNDLE_IDENTIFIER = "com.example.OutlineViewExample${SAMPLE-CODE-DISAMBIGUATOR}";
				PRODUCT_NAME = "$(TARGET_NAME)";
				SWIFT_VERSION = 5.0;
			};
			name = Release;
		};
/* End XCBuildConfiguration section */

/* Begin XCConfigurationList section */
		336C5FD925CC9F1500230C37 /* Build configuration list for PBXProject "OutlineViewExample" */ = {
			isa = XCConfigurationList;
			buildConfigurations = (
				336C5FEC25CC9F1800230C37 /* Debug */,
				336C5FED25CC9F1800230C37 /* Release */,
			);
			defaultConfigurationIsVisible = 0;
			defaultConfigurationName = Release;
		};
		336C5FEE25CC9F1800230C37 /* Build configuration list for PBXNativeTarget "OutlineViewExample" */ = {
			isa = XCConfigurationList;
			buildConfigurations = (
				336C5FEF25CC9F1800230C37 /* Debug */,
				336C5FF025CC9F1800230C37 /* Release */,
			);
			defaultConfigurationIsVisible = 0;
			defaultConfigurationName = Release;
		};
/* End XCConfigurationList section */

/* Begin XCSwiftPackageProductDependency section */
		336C600225CCAEE700230C37 /* OutlineView */ = {
			isa = XCSwiftPackageProductDependency;
			productName = OutlineView;
		};
/* End XCSwiftPackageProductDependency section */
	};
	rootObject = 336C5FD625CC9F1500230C37 /* Project object */;
}
